{
  "name": "playwright-tsc-esm-mono-repo",
  "version": "1.0.0",
  "lockfileVersion": 2,
  "requires": true,
  "packages": {
    "": {
      "name": "playwright-tsc-esm-mono-repo",
      "version": "1.0.0",
      "license": "ISC",
      "workspaces": [
        "packages/*"
      ],
      "dependencies": {
        "@playwright/test": "^1.28.1"
      }
    },
    "node_modules/@playwright/test": {
      "version": "1.28.1",
      "resolved": "https://registry.npmjs.org/@playwright/test/-/test-1.28.1.tgz",
      "integrity": "sha512-xN6spdqrNlwSn9KabIhqfZR7IWjPpFK1835tFNgjrlysaSezuX8PYUwaz38V/yI8TJLG9PkAMEXoHRXYXlpTPQ==",
      "dependencies": {
        "@types/node": "*",
        "playwright-core": "1.28.1"
      },
      "bin": {
        "playwright": "cli.js"
      },
      "engines": {
        "node": ">=14"
      }
    },
    "node_modules/@prefix/helper": {
      "resolved": "packages/helper",
      "link": true
    },
    "node_modules/@types/node": {
      "version": "18.11.11",
      "resolved": "https://registry.npmjs.org/@types/node/-/node-18.11.11.tgz",
      "integrity": "sha512-KJ021B1nlQUBLopzZmPBVuGU9un7WJd/W4ya7Ih02B4Uwky5Nja0yGYav2EfYIk0RR2Q9oVhf60S2XR1BCWJ2g=="
    },
    "node_modules/int-test": {
      "resolved": "packages/int-test",
      "link": true
    },
    "node_modules/playwright-core": {
      "version": "1.28.1",
      "resolved": "https://registry.npmjs.org/playwright-core/-/playwright-core-1.28.1.tgz",
      "integrity": "sha512-3PixLnGPno0E8rSBJjtwqTwJe3Yw72QwBBBxNoukIj3lEeBNXwbNiKrNuB1oyQgTBw5QHUhNO3SteEtHaMK6ag==",
      "bin": {
        "playwright": "cli.js"
      },
      "engines": {
        "node": ">=14"
      }
    },
    "packages/helper": {
      "name": "@prefix/helper"
    },
    "packages/int-test": {}
  },
  "dependencies": {
    "@playwright/test": {
      "version": "1.28.1",
      "resolved": "https://registry.npmjs.org/@playwright/test/-/test-1.28.1.tgz",
      "integrity": "sha512-xN6spdqrNlwSn9KabIhqfZR7IWjPpFK1835tFNgjrlysaSezuX8PYUwaz38V/yI8TJLG9PkAMEXoHRXYXlpTPQ==",
      "requires": {
        "@types/node": "*",
        "playwright-core": "1.28.1"
      }
    },
    "@prefix/helper": {
      "version": "file:packages/helper"
    },
    "@types/node": {
      "version": "18.11.11",
      "resolved": "https://registry.npmjs.org/@types/node/-/node-18.11.11.tgz",
      "integrity": "sha512-KJ021B1nlQUBLopzZmPBVuGU9un7WJd/W4ya7Ih02B4Uwky5Nja0yGYav2EfYIk0RR2Q9oVhf60S2XR1BCWJ2g=="
    },
    "int-test": {
      "version": "file:packages/int-test"
    },
    "playwright-core": {
      "version": "1.28.1",
      "resolved": "https://registry.npmjs.org/playwright-core/-/playwright-core-1.28.1.tgz",
      "integrity": "sha512-3PixLnGPno0E8rSBJjtwqTwJe3Yw72QwBBBxNoukIj3lEeBNXwbNiKrNuB1oyQgTBw5QHUhNO3SteEtHaMK6ag=="
    }
  }
}
